// !$*UTF8*$!
{
	archiveVersion = 1;
	classes = {
	};
	objectVersion = 51;
	objects = {

/* Begin PBXBuildFile section */
		298E5D96E374A79F1B761114 /* Pods_ProvenanceWalletConnect_ProvenanceWalletConnectUITests.framework in Frameworks */ = {isa = PBXBuildFile; fileRef = 86A636691DFA8249B9A7A42E /* Pods_ProvenanceWalletConnect_ProvenanceWalletConnectUITests.framework */; };
		31C88AB240DE6A490E68D065 /* Pods_ProvenanceWalletConnectTests.framework in Frameworks */ = {isa = PBXBuildFile; fileRef = A8CA210538E1107DB37AAAFA /* Pods_ProvenanceWalletConnectTests.framework */; };
		3C383290A7F0776EA5C959D2 /* Pods_ProvenanceWalletConnect.framework in Frameworks */ = {isa = PBXBuildFile; fileRef = 77797BC4F177949309075B7D /* Pods_ProvenanceWalletConnect.framework */; };
		9F11101CB57C9DD499C9ECBD /* ErrorHandler.swift in Sources */ = {isa = PBXBuildFile; fileRef = 9F11128ED6A6098321EC946E /* ErrorHandler.swift */; };
		9F1110926FF829F67CA59B27 /* UIAlertController+Extension.swift in Sources */ = {isa = PBXBuildFile; fileRef = 9F111371D0214BBC1076B953 /* UIAlertController+Extension.swift */; };
		9F1110AD35FD2170A1FF6AC0 /* Request+Extension.swift in Sources */ = {isa = PBXBuildFile; fileRef = 9F1116A9E582FD631373377C /* Request+Extension.swift */; };
		9F1110C6D085B4BDF4837ADE /* WalletService.swift in Sources */ = {isa = PBXBuildFile; fileRef = 9F11150E71F90FD972D6274C /* WalletService.swift */; };
		9F11115138566BC8449E2CB0 /* CipherService.swift in Sources */ = {isa = PBXBuildFile; fileRef = 9F111255539088A3A1E07624 /* CipherService.swift */; };
		9F11115E9A2EEB423A66ED42 /* WalletConnectHandlers.swift in Sources */ = {isa = PBXBuildFile; fileRef = 9F1114D8119F57014D3CE45F /* WalletConnectHandlers.swift */; };
		9F111166EE05AB59CEE6B583 /* ScannerViewControllerDelegate.swift in Sources */ = {isa = PBXBuildFile; fileRef = 9F1118E9ED2D5682C1BC76DD /* ScannerViewControllerDelegate.swift */; };
		9F11116CFB4D0C9807E2ACC9 /* UITextField+Extension.swift in Sources */ = {isa = PBXBuildFile; fileRef = 9F1113579F9B7B44FAFEDD8B /* UITextField+Extension.swift */; };
		9F111177E08838E993D10443 /* CipherService.swift in Sources */ = {isa = PBXBuildFile; fileRef = 9F111255539088A3A1E07624 /* CipherService.swift */; };
		9F11124A3EA1F472FA75E0CC /* AppColor.swift in Sources */ = {isa = PBXBuildFile; fileRef = 9F111685DBAE3A98763B640F /* AppColor.swift */; };
		9F1112A05011F8C167BA7208 /* Utilities.swift in Sources */ = {isa = PBXBuildFile; fileRef = 9F1117A75CE5E6CA99F1735E /* Utilities.swift */; };
		9F1112D4FB6F587B4D59E036 /* RootViewController.swift in Sources */ = {isa = PBXBuildFile; fileRef = 9F1110C7DB48A5963DB0E7EC /* RootViewController.swift */; };
		9F1113A3795FADE706D199A5 /* UIAlertController+Extension.swift in Sources */ = {isa = PBXBuildFile; fileRef = 9F111371D0214BBC1076B953 /* UIAlertController+Extension.swift */; };
		9F1113AAFDFC1492AF54E6CB /* UIViewController+Extension.swift in Sources */ = {isa = PBXBuildFile; fileRef = 9F111FCB09DF51E6EF6DB80B /* UIViewController+Extension.swift */; };
		9F111420951464C65577EA4A /* String.swift in Sources */ = {isa = PBXBuildFile; fileRef = 9F111D5C60AAA23BFBF634B1 /* String.swift */; };
		9F11143BB6F0B4037F79B14A /* UIView+Extension.swift in Sources */ = {isa = PBXBuildFile; fileRef = 9F11192319601FF1015197DD /* UIView+Extension.swift */; };
		9F11144A9381E29B4E74FB08 /* JSON+Extension.swift in Sources */ = {isa = PBXBuildFile; fileRef = 9F1110E4EF15F73E300CBB57 /* JSON+Extension.swift */; };
		9F1114A9839DB8D9C7659E5B /* UIAlertController+Extension.swift in Sources */ = {isa = PBXBuildFile; fileRef = 9F111371D0214BBC1076B953 /* UIAlertController+Extension.swift */; };
		9F1114E4A03012785D1602B5 /* ManageWalletViewController.swift in Sources */ = {isa = PBXBuildFile; fileRef = 9F111CBD27860BAAB2C1B5A7 /* ManageWalletViewController.swift */; };
		9F111581F2EF245DD42AFD2A /* NotificationService.swift in Sources */ = {isa = PBXBuildFile; fileRef = 9F111440B0C3BD78FF88CE3E /* NotificationService.swift */; };
		9F1116A76CE87B9A22A18A48 /* UIViewController+Extension.swift in Sources */ = {isa = PBXBuildFile; fileRef = 9F111FCB09DF51E6EF6DB80B /* UIViewController+Extension.swift */; };
		9F11171528A037154639BF90 /* UIViewController+Extension.swift in Sources */ = {isa = PBXBuildFile; fileRef = 9F111FCB09DF51E6EF6DB80B /* UIViewController+Extension.swift */; };
		9F11192C50D2EE578E2AD0FC /* ErrorHandler.swift in Sources */ = {isa = PBXBuildFile; fileRef = 9F11128ED6A6098321EC946E /* ErrorHandler.swift */; };
		9F11198C6ECEEBA02A843A62 /* QRCaptureViewController.swift in Sources */ = {isa = PBXBuildFile; fileRef = 9F111347AE3D11F878829029 /* QRCaptureViewController.swift */; };
		9F1119D47A6CB82AE3560B9C /* ScannerViewControllerDelegate.swift in Sources */ = {isa = PBXBuildFile; fileRef = 9F1118E9ED2D5682C1BC76DD /* ScannerViewControllerDelegate.swift */; };
		9F1119EBA6841807233F4610 /* Response+Extension.swift in Sources */ = {isa = PBXBuildFile; fileRef = 9F111178EDC7B54C0B5BBB80 /* Response+Extension.swift */; };
		9F111A067E59C6D8737F09CE /* JSON+Extension.swift in Sources */ = {isa = PBXBuildFile; fileRef = 9F1110E4EF15F73E300CBB57 /* JSON+Extension.swift */; };
		9F111A7239E195B5106B7539 /* Response+Extension.swift in Sources */ = {isa = PBXBuildFile; fileRef = 9F111178EDC7B54C0B5BBB80 /* Response+Extension.swift */; };
		9F111A98B0E39618E359163D /* WalletService.swift in Sources */ = {isa = PBXBuildFile; fileRef = 9F11150E71F90FD972D6274C /* WalletService.swift */; };
		9F111AB7343B8393592C2074 /* ProvenanceWalletError.swift in Sources */ = {isa = PBXBuildFile; fileRef = 9F1114C3DB80170190F8DDFE /* ProvenanceWalletError.swift */; };
		9F111AD1268BE8F8166DF416 /* ProvenanceWalletError.swift in Sources */ = {isa = PBXBuildFile; fileRef = 9F1114C3DB80170190F8DDFE /* ProvenanceWalletError.swift */; };
		9F111BB937AECAD2C004777F /* WalletConnectHandlers.swift in Sources */ = {isa = PBXBuildFile; fileRef = 9F1114D8119F57014D3CE45F /* WalletConnectHandlers.swift */; };
		9F111BCF9445E812C16FBBB4 /* String.swift in Sources */ = {isa = PBXBuildFile; fileRef = 9F111D5C60AAA23BFBF634B1 /* String.swift */; };
		9F111C46BC2B021A739388D5 /* ProvenanceWalletError.swift in Sources */ = {isa = PBXBuildFile; fileRef = 9F1114C3DB80170190F8DDFE /* ProvenanceWalletError.swift */; };
		9F111C550B52A37DE8480559 /* Utilities.swift in Sources */ = {isa = PBXBuildFile; fileRef = 9F1117A75CE5E6CA99F1735E /* Utilities.swift */; };
		9F111C709F236C9BC53D2F0D /* JSON+Extension.swift in Sources */ = {isa = PBXBuildFile; fileRef = 9F1110E4EF15F73E300CBB57 /* JSON+Extension.swift */; };
		9F111CD4E6BBE8F495BF585C /* WalletService.swift in Sources */ = {isa = PBXBuildFile; fileRef = 9F11150E71F90FD972D6274C /* WalletService.swift */; };
		9F111D80E083935F5DF56932 /* Notification-Name+Extension.swift in Sources */ = {isa = PBXBuildFile; fileRef = 9F1115DDDE46C23F7C922F1C /* Notification-Name+Extension.swift */; };
		9F111D85CC8055CA510DD55C /* Data+Extension.swift in Sources */ = {isa = PBXBuildFile; fileRef = 9F1110145154436971F15084 /* Data+Extension.swift */; };
		9F111DB18FF371449D806EC7 /* ScannerViewControllerDelegate.swift in Sources */ = {isa = PBXBuildFile; fileRef = 9F1118E9ED2D5682C1BC76DD /* ScannerViewControllerDelegate.swift */; };
		9F111DC7B3F65B94F997D88C /* Data+Extension.swift in Sources */ = {isa = PBXBuildFile; fileRef = 9F1110145154436971F15084 /* Data+Extension.swift */; };
		9F111E176D48B627A111ACFD /* String.swift in Sources */ = {isa = PBXBuildFile; fileRef = 9F111D5C60AAA23BFBF634B1 /* String.swift */; };
		9F111E40D705418E25A475FA /* UIImageView+Extension.swift in Sources */ = {isa = PBXBuildFile; fileRef = 9F111CD9E8C6999C667858C1 /* UIImageView+Extension.swift */; };
		9F111F033D3C956FFC42508C /* CipherService.swift in Sources */ = {isa = PBXBuildFile; fileRef = 9F111255539088A3A1E07624 /* CipherService.swift */; };
		9F111F1DF77FE48EE9079D27 /* ManageWalletViewController.swift in Sources */ = {isa = PBXBuildFile; fileRef = 9F111CBD27860BAAB2C1B5A7 /* ManageWalletViewController.swift */; };
		9F111F2A33A2F8407FAD3A09 /* Utilities.swift in Sources */ = {isa = PBXBuildFile; fileRef = 9F1117A75CE5E6CA99F1735E /* Utilities.swift */; };
		9F111F2A7319F5F3A919DF86 /* Response+Extension.swift in Sources */ = {isa = PBXBuildFile; fileRef = 9F111178EDC7B54C0B5BBB80 /* Response+Extension.swift */; };
		9F111F2F2D6AA2DDCD2B8554 /* Data+Extension.swift in Sources */ = {isa = PBXBuildFile; fileRef = 9F1110145154436971F15084 /* Data+Extension.swift */; };
		9F111F6EBB051F57AD642434 /* NavController.swift in Sources */ = {isa = PBXBuildFile; fileRef = 9F11101F888F44C4FA8564E1 /* NavController.swift */; };
		9F111F747B5A713420F93D83 /* ManageWalletViewController.swift in Sources */ = {isa = PBXBuildFile; fileRef = 9F111CBD27860BAAB2C1B5A7 /* ManageWalletViewController.swift */; };
		9F111F9BC240396AEBBB6B1D /* ErrorHandler.swift in Sources */ = {isa = PBXBuildFile; fileRef = 9F11128ED6A6098321EC946E /* ErrorHandler.swift */; };
		9F111FA373B0A4EE13D80118 /* WalletConnectHandlers.swift in Sources */ = {isa = PBXBuildFile; fileRef = 9F1114D8119F57014D3CE45F /* WalletConnectHandlers.swift */; };
		CF1EBAC726DC350F00758AAE /* WalletViewController.swift in Sources */ = {isa = PBXBuildFile; fileRef = CF1EBAC626DC350F00758AAE /* WalletViewController.swift */; };
		CF1EBACA26DC376B00758AAE /* UIDefaultButton.swift in Sources */ = {isa = PBXBuildFile; fileRef = CF1EBAC926DC376B00758AAE /* UIDefaultButton.swift */; };
		CF1EBACC26DC5B0E00758AAE /* walletconnect.png in Resources */ = {isa = PBXBuildFile; fileRef = CF1EBACB26DC5B0E00758AAE /* walletconnect.png */; };
		CF83EC0126D99E7D00BD5CC8 /* AppDelegate.swift in Sources */ = {isa = PBXBuildFile; fileRef = CF83EC0026D99E7D00BD5CC8 /* AppDelegate.swift */; };
		CF83EC0326D99E7D00BD5CC8 /* SceneDelegate.swift in Sources */ = {isa = PBXBuildFile; fileRef = CF83EC0226D99E7D00BD5CC8 /* SceneDelegate.swift */; };
		CF83EC1026D99E7F00BD5CC8 /* LaunchScreen.storyboard in Resources */ = {isa = PBXBuildFile; fileRef = CF83EC0E26D99E7F00BD5CC8 /* LaunchScreen.storyboard */; };
		CF83EC1B26D99E7F00BD5CC8 /* ProvenanceWalletConnectTests.swift in Sources */ = {isa = PBXBuildFile; fileRef = CF83EC1A26D99E7F00BD5CC8 /* ProvenanceWalletConnectTests.swift */; };
		CF83EC2626D99E7F00BD5CC8 /* ProvenanceWalletConnectUITests.swift in Sources */ = {isa = PBXBuildFile; fileRef = CF83EC2526D99E7F00BD5CC8 /* ProvenanceWalletConnectUITests.swift */; };
		CF83EC3526D9A80900BD5CC8 /* provenance.svg in Resources */ = {isa = PBXBuildFile; fileRef = CF83EC3426D9A80900BD5CC8 /* provenance.svg */; };
		CF83EC3726D9A94400BD5CC8 /* provenance.png in Resources */ = {isa = PBXBuildFile; fileRef = CF83EC3626D9A94400BD5CC8 /* provenance.png */; };
		CF83EC3C26DAD05200BD5CC8 /* CloudKit.framework in Frameworks */ = {isa = PBXBuildFile; fileRef = CF83EC3B26DAD05200BD5CC8 /* CloudKit.framework */; };
		CF89423B27ADE8EF00596596 /* ProvenanceWalletConnect.xcdatamodeld in Sources */ = {isa = PBXBuildFile; fileRef = CF89423927ADE8EF00596596 /* ProvenanceWalletConnect.xcdatamodeld */; };
		CF89423F27B19BCC00596596 /* WalletViewCell.xib in Resources */ = {isa = PBXBuildFile; fileRef = CF89423C27B19BCC00596596 /* WalletViewCell.xib */; };
		CF89424027B19BCC00596596 /* WalletView.xib in Resources */ = {isa = PBXBuildFile; fileRef = CF89423D27B19BCC00596596 /* WalletView.xib */; };
		CF89424127B19BCC00596596 /* WalletViewCell.swift in Sources */ = {isa = PBXBuildFile; fileRef = CF89423E27B19BCC00596596 /* WalletViewCell.swift */; };
		CF89424427B1C62200596596 /* hash.png in Resources */ = {isa = PBXBuildFile; fileRef = CF89424227B1C62200596596 /* hash.png */; };
		CF89424527B1C62200596596 /* provenance-p.png in Resources */ = {isa = PBXBuildFile; fileRef = CF89424327B1C62200596596 /* provenance-p.png */; };
		CF89424727B1D23E00596596 /* ManageWalletView.xib in Resources */ = {isa = PBXBuildFile; fileRef = CF89424627B1D23E00596596 /* ManageWalletView.xib */; };
		CFE46EEF2733126C001DFA30 /* Assets.xcassets in Resources */ = {isa = PBXBuildFile; fileRef = CFE46EEE2733126C001DFA30 /* Assets.xcassets */; };
/* End PBXBuildFile section */

/* Begin PBXContainerItemProxy section */
		CF83EC1726D99E7F00BD5CC8 /* PBXContainerItemProxy */ = {
			isa = PBXContainerItemProxy;
			containerPortal = CF83EBF526D99E7D00BD5CC8 /* Project object */;
			proxyType = 1;
			remoteGlobalIDString = CF83EBFC26D99E7D00BD5CC8;
			remoteInfo = ProvenanceWalletConnect;
		};
		CF83EC2226D99E7F00BD5CC8 /* PBXContainerItemProxy */ = {
			isa = PBXContainerItemProxy;
			containerPortal = CF83EBF526D99E7D00BD5CC8 /* Project object */;
			proxyType = 1;
			remoteGlobalIDString = CF83EBFC26D99E7D00BD5CC8;
			remoteInfo = ProvenanceWalletConnect;
		};
/* End PBXContainerItemProxy section */

/* Begin PBXFileReference section */
		0D89DFC84C9601BF57FE60D4 /* Pods-ProvenanceWalletConnect-ProvenanceWalletConnectUITests.release.xcconfig */ = {isa = PBXFileReference; includeInIndex = 1; lastKnownFileType = text.xcconfig; name = "Pods-ProvenanceWalletConnect-ProvenanceWalletConnectUITests.release.xcconfig"; path = "Target Support Files/Pods-ProvenanceWalletConnect-ProvenanceWalletConnectUITests/Pods-ProvenanceWalletConnect-ProvenanceWalletConnectUITests.release.xcconfig"; sourceTree = "<group>"; };
		1E0EA25CDAA441B5CE115158 /* Pods-ProvenanceWalletConnect-ProvenanceWalletConnectUITests.debug.xcconfig */ = {isa = PBXFileReference; includeInIndex = 1; lastKnownFileType = text.xcconfig; name = "Pods-ProvenanceWalletConnect-ProvenanceWalletConnectUITests.debug.xcconfig"; path = "Target Support Files/Pods-ProvenanceWalletConnect-ProvenanceWalletConnectUITests/Pods-ProvenanceWalletConnect-ProvenanceWalletConnectUITests.debug.xcconfig"; sourceTree = "<group>"; };
		37DD0574EE29EE70668B7912 /* Pods-ProvenanceWalletConnect.release.xcconfig */ = {isa = PBXFileReference; includeInIndex = 1; lastKnownFileType = text.xcconfig; name = "Pods-ProvenanceWalletConnect.release.xcconfig"; path = "Target Support Files/Pods-ProvenanceWalletConnect/Pods-ProvenanceWalletConnect.release.xcconfig"; sourceTree = "<group>"; };
		62B4438827C23B965EA90EC7 /* Pods-ProvenanceWalletConnectTests.release.xcconfig */ = {isa = PBXFileReference; includeInIndex = 1; lastKnownFileType = text.xcconfig; name = "Pods-ProvenanceWalletConnectTests.release.xcconfig"; path = "Target Support Files/Pods-ProvenanceWalletConnectTests/Pods-ProvenanceWalletConnectTests.release.xcconfig"; sourceTree = "<group>"; };
		77797BC4F177949309075B7D /* Pods_ProvenanceWalletConnect.framework */ = {isa = PBXFileReference; explicitFileType = wrapper.framework; includeInIndex = 0; path = Pods_ProvenanceWalletConnect.framework; sourceTree = BUILT_PRODUCTS_DIR; };
		86A636691DFA8249B9A7A42E /* Pods_ProvenanceWalletConnect_ProvenanceWalletConnectUITests.framework */ = {isa = PBXFileReference; explicitFileType = wrapper.framework; includeInIndex = 0; path = Pods_ProvenanceWalletConnect_ProvenanceWalletConnectUITests.framework; sourceTree = BUILT_PRODUCTS_DIR; };
		9F1110145154436971F15084 /* Data+Extension.swift */ = {isa = PBXFileReference; fileEncoding = 4; lastKnownFileType = sourcecode.swift; path = "Data+Extension.swift"; sourceTree = "<group>"; };
		9F11101F888F44C4FA8564E1 /* NavController.swift */ = {isa = PBXFileReference; fileEncoding = 4; lastKnownFileType = sourcecode.swift; path = NavController.swift; sourceTree = "<group>"; };
		9F1110C7DB48A5963DB0E7EC /* RootViewController.swift */ = {isa = PBXFileReference; fileEncoding = 4; lastKnownFileType = sourcecode.swift; path = RootViewController.swift; sourceTree = "<group>"; };
		9F1110E4EF15F73E300CBB57 /* JSON+Extension.swift */ = {isa = PBXFileReference; fileEncoding = 4; lastKnownFileType = sourcecode.swift; path = "JSON+Extension.swift"; sourceTree = "<group>"; };
		9F111178EDC7B54C0B5BBB80 /* Response+Extension.swift */ = {isa = PBXFileReference; fileEncoding = 4; lastKnownFileType = sourcecode.swift; path = "Response+Extension.swift"; sourceTree = "<group>"; };
		9F111255539088A3A1E07624 /* CipherService.swift */ = {isa = PBXFileReference; fileEncoding = 4; lastKnownFileType = sourcecode.swift; path = CipherService.swift; sourceTree = "<group>"; };
		9F11128ED6A6098321EC946E /* ErrorHandler.swift */ = {isa = PBXFileReference; fileEncoding = 4; lastKnownFileType = sourcecode.swift; path = ErrorHandler.swift; sourceTree = "<group>"; };
		9F111347AE3D11F878829029 /* QRCaptureViewController.swift */ = {isa = PBXFileReference; fileEncoding = 4; lastKnownFileType = sourcecode.swift; path = QRCaptureViewController.swift; sourceTree = "<group>"; };
		9F1113579F9B7B44FAFEDD8B /* UITextField+Extension.swift */ = {isa = PBXFileReference; fileEncoding = 4; lastKnownFileType = sourcecode.swift; path = "UITextField+Extension.swift"; sourceTree = "<group>"; };
		9F111371D0214BBC1076B953 /* UIAlertController+Extension.swift */ = {isa = PBXFileReference; fileEncoding = 4; lastKnownFileType = sourcecode.swift; path = "UIAlertController+Extension.swift"; sourceTree = "<group>"; };
		9F111440B0C3BD78FF88CE3E /* NotificationService.swift */ = {isa = PBXFileReference; fileEncoding = 4; lastKnownFileType = sourcecode.swift; path = NotificationService.swift; sourceTree = "<group>"; };
		9F1114C3DB80170190F8DDFE /* ProvenanceWalletError.swift */ = {isa = PBXFileReference; fileEncoding = 4; lastKnownFileType = sourcecode.swift; path = ProvenanceWalletError.swift; sourceTree = "<group>"; };
		9F1114D8119F57014D3CE45F /* WalletConnectHandlers.swift */ = {isa = PBXFileReference; fileEncoding = 4; lastKnownFileType = sourcecode.swift; path = WalletConnectHandlers.swift; sourceTree = "<group>"; };
		9F11150E71F90FD972D6274C /* WalletService.swift */ = {isa = PBXFileReference; fileEncoding = 4; lastKnownFileType = sourcecode.swift; path = WalletService.swift; sourceTree = "<group>"; };
		9F1115DDDE46C23F7C922F1C /* Notification-Name+Extension.swift */ = {isa = PBXFileReference; fileEncoding = 4; lastKnownFileType = sourcecode.swift; path = "Notification-Name+Extension.swift"; sourceTree = "<group>"; };
		9F111685DBAE3A98763B640F /* AppColor.swift */ = {isa = PBXFileReference; fileEncoding = 4; lastKnownFileType = sourcecode.swift; path = AppColor.swift; sourceTree = "<group>"; };
		9F1116A9E582FD631373377C /* Request+Extension.swift */ = {isa = PBXFileReference; fileEncoding = 4; lastKnownFileType = sourcecode.swift; path = "Request+Extension.swift"; sourceTree = "<group>"; };
		9F1117A75CE5E6CA99F1735E /* Utilities.swift */ = {isa = PBXFileReference; fileEncoding = 4; lastKnownFileType = sourcecode.swift; path = Utilities.swift; sourceTree = "<group>"; };
		9F1118E9ED2D5682C1BC76DD /* ScannerViewControllerDelegate.swift */ = {isa = PBXFileReference; fileEncoding = 4; lastKnownFileType = sourcecode.swift; path = ScannerViewControllerDelegate.swift; sourceTree = "<group>"; };
		9F11192319601FF1015197DD /* UIView+Extension.swift */ = {isa = PBXFileReference; fileEncoding = 4; lastKnownFileType = sourcecode.swift; path = "UIView+Extension.swift"; sourceTree = "<group>"; };
		9F111CBD27860BAAB2C1B5A7 /* ManageWalletViewController.swift */ = {isa = PBXFileReference; fileEncoding = 4; lastKnownFileType = sourcecode.swift; path = ManageWalletViewController.swift; sourceTree = "<group>"; };
		9F111CD9E8C6999C667858C1 /* UIImageView+Extension.swift */ = {isa = PBXFileReference; fileEncoding = 4; lastKnownFileType = sourcecode.swift; path = "UIImageView+Extension.swift"; sourceTree = "<group>"; };
		9F111D5C60AAA23BFBF634B1 /* String.swift */ = {isa = PBXFileReference; fileEncoding = 4; lastKnownFileType = sourcecode.swift; path = String.swift; sourceTree = "<group>"; };
		9F111FCB09DF51E6EF6DB80B /* UIViewController+Extension.swift */ = {isa = PBXFileReference; fileEncoding = 4; lastKnownFileType = sourcecode.swift; path = "UIViewController+Extension.swift"; sourceTree = "<group>"; };
		A397F892A59D297363249C3C /* Pods-ProvenanceWalletConnectTests.debug.xcconfig */ = {isa = PBXFileReference; includeInIndex = 1; lastKnownFileType = text.xcconfig; name = "Pods-ProvenanceWalletConnectTests.debug.xcconfig"; path = "Target Support Files/Pods-ProvenanceWalletConnectTests/Pods-ProvenanceWalletConnectTests.debug.xcconfig"; sourceTree = "<group>"; };
		A8CA210538E1107DB37AAAFA /* Pods_ProvenanceWalletConnectTests.framework */ = {isa = PBXFileReference; explicitFileType = wrapper.framework; includeInIndex = 0; path = Pods_ProvenanceWalletConnectTests.framework; sourceTree = BUILT_PRODUCTS_DIR; };
		CF1EBAC626DC350F00758AAE /* WalletViewController.swift */ = {isa = PBXFileReference; lastKnownFileType = sourcecode.swift; path = WalletViewController.swift; sourceTree = "<group>"; };
		CF1EBAC926DC376B00758AAE /* UIDefaultButton.swift */ = {isa = PBXFileReference; lastKnownFileType = sourcecode.swift; path = UIDefaultButton.swift; sourceTree = "<group>"; };
		CF1EBACB26DC5B0E00758AAE /* walletconnect.png */ = {isa = PBXFileReference; lastKnownFileType = image.png; path = walletconnect.png; sourceTree = "<group>"; };
		CF83EBFD26D99E7D00BD5CC8 /* ProvenanceWalletConnect.app */ = {isa = PBXFileReference; explicitFileType = wrapper.application; includeInIndex = 0; path = ProvenanceWalletConnect.app; sourceTree = BUILT_PRODUCTS_DIR; };
		CF83EC0026D99E7D00BD5CC8 /* AppDelegate.swift */ = {isa = PBXFileReference; lastKnownFileType = sourcecode.swift; path = AppDelegate.swift; sourceTree = "<group>"; };
		CF83EC0226D99E7D00BD5CC8 /* SceneDelegate.swift */ = {isa = PBXFileReference; lastKnownFileType = sourcecode.swift; path = SceneDelegate.swift; sourceTree = "<group>"; };
		CF83EC0F26D99E7F00BD5CC8 /* Base */ = {isa = PBXFileReference; lastKnownFileType = file.storyboard; name = Base; path = Base.lproj/LaunchScreen.storyboard; sourceTree = "<group>"; };
		CF83EC1126D99E7F00BD5CC8 /* Info.plist */ = {isa = PBXFileReference; lastKnownFileType = text.plist.xml; path = Info.plist; sourceTree = "<group>"; };
		CF83EC1626D99E7F00BD5CC8 /* ProvenanceWalletConnectTests.xctest */ = {isa = PBXFileReference; explicitFileType = wrapper.cfbundle; includeInIndex = 0; path = ProvenanceWalletConnectTests.xctest; sourceTree = BUILT_PRODUCTS_DIR; };
		CF83EC1A26D99E7F00BD5CC8 /* ProvenanceWalletConnectTests.swift */ = {isa = PBXFileReference; lastKnownFileType = sourcecode.swift; path = ProvenanceWalletConnectTests.swift; sourceTree = "<group>"; };
		CF83EC1C26D99E7F00BD5CC8 /* Info.plist */ = {isa = PBXFileReference; lastKnownFileType = text.plist.xml; path = Info.plist; sourceTree = "<group>"; };
		CF83EC2126D99E7F00BD5CC8 /* ProvenanceWalletConnectUITests.xctest */ = {isa = PBXFileReference; explicitFileType = wrapper.cfbundle; includeInIndex = 0; path = ProvenanceWalletConnectUITests.xctest; sourceTree = BUILT_PRODUCTS_DIR; };
		CF83EC2526D99E7F00BD5CC8 /* ProvenanceWalletConnectUITests.swift */ = {isa = PBXFileReference; lastKnownFileType = sourcecode.swift; path = ProvenanceWalletConnectUITests.swift; sourceTree = "<group>"; };
		CF83EC2726D99E7F00BD5CC8 /* Info.plist */ = {isa = PBXFileReference; lastKnownFileType = text.plist.xml; path = Info.plist; sourceTree = "<group>"; };
		CF83EC3426D9A80900BD5CC8 /* provenance.svg */ = {isa = PBXFileReference; fileEncoding = 4; lastKnownFileType = text; path = provenance.svg; sourceTree = "<group>"; };
		CF83EC3626D9A94400BD5CC8 /* provenance.png */ = {isa = PBXFileReference; lastKnownFileType = image.png; path = provenance.png; sourceTree = "<group>"; };
		CF83EC3A26DAD04E00BD5CC8 /* ProvenanceWalletConnect.entitlements */ = {isa = PBXFileReference; lastKnownFileType = text.plist.entitlements; path = ProvenanceWalletConnect.entitlements; sourceTree = "<group>"; };
		CF83EC3B26DAD05200BD5CC8 /* CloudKit.framework */ = {isa = PBXFileReference; lastKnownFileType = wrapper.framework; name = CloudKit.framework; path = System/Library/Frameworks/CloudKit.framework; sourceTree = SDKROOT; };
		CF89423A27ADE8EF00596596 /* ProvenanceWalletConnect.xcdatamodel */ = {isa = PBXFileReference; lastKnownFileType = wrapper.xcdatamodel; path = ProvenanceWalletConnect.xcdatamodel; sourceTree = "<group>"; };
		CF89423C27B19BCC00596596 /* WalletViewCell.xib */ = {isa = PBXFileReference; fileEncoding = 4; lastKnownFileType = file.xib; path = WalletViewCell.xib; sourceTree = "<group>"; };
		CF89423D27B19BCC00596596 /* WalletView.xib */ = {isa = PBXFileReference; fileEncoding = 4; lastKnownFileType = file.xib; path = WalletView.xib; sourceTree = "<group>"; };
		CF89423E27B19BCC00596596 /* WalletViewCell.swift */ = {isa = PBXFileReference; fileEncoding = 4; lastKnownFileType = sourcecode.swift; path = WalletViewCell.swift; sourceTree = "<group>"; };
		CF89424227B1C62200596596 /* hash.png */ = {isa = PBXFileReference; lastKnownFileType = image.png; path = hash.png; sourceTree = "<group>"; };
		CF89424327B1C62200596596 /* provenance-p.png */ = {isa = PBXFileReference; lastKnownFileType = image.png; path = "provenance-p.png"; sourceTree = "<group>"; };
		CF89424627B1D23E00596596 /* ManageWalletView.xib */ = {isa = PBXFileReference; fileEncoding = 4; lastKnownFileType = file.xib; path = ManageWalletView.xib; sourceTree = "<group>"; };
		CFE46EEE2733126C001DFA30 /* Assets.xcassets */ = {isa = PBXFileReference; lastKnownFileType = folder.assetcatalog; name = Assets.xcassets; path = ../../../Downloads/AppIcons/Assets.xcassets; sourceTree = "<group>"; };
		F15FDE6FC0107C0929409627 /* Pods-ProvenanceWalletConnect.debug.xcconfig */ = {isa = PBXFileReference; includeInIndex = 1; lastKnownFileType = text.xcconfig; name = "Pods-ProvenanceWalletConnect.debug.xcconfig"; path = "Target Support Files/Pods-ProvenanceWalletConnect/Pods-ProvenanceWalletConnect.debug.xcconfig"; sourceTree = "<group>"; };
/* End PBXFileReference section */

/* Begin PBXFrameworksBuildPhase section */
		CF83EBFA26D99E7D00BD5CC8 /* Frameworks */ = {
			isa = PBXFrameworksBuildPhase;
			buildActionMask = 2147483647;
			files = (
				3C383290A7F0776EA5C959D2 /* Pods_ProvenanceWalletConnect.framework in Frameworks */,
				CF83EC3C26DAD05200BD5CC8 /* CloudKit.framework in Frameworks */,
			);
			runOnlyForDeploymentPostprocessing = 0;
		};
		CF83EC1326D99E7F00BD5CC8 /* Frameworks */ = {
			isa = PBXFrameworksBuildPhase;
			buildActionMask = 2147483647;
			files = (
				31C88AB240DE6A490E68D065 /* Pods_ProvenanceWalletConnectTests.framework in Frameworks */,
			);
			runOnlyForDeploymentPostprocessing = 0;
		};
		CF83EC1E26D99E7F00BD5CC8 /* Frameworks */ = {
			isa = PBXFrameworksBuildPhase;
			buildActionMask = 2147483647;
			files = (
				298E5D96E374A79F1B761114 /* Pods_ProvenanceWalletConnect_ProvenanceWalletConnectUITests.framework in Frameworks */,
			);
			runOnlyForDeploymentPostprocessing = 0;
		};
/* End PBXFrameworksBuildPhase section */

/* Begin PBXGroup section */
		5BE43D823F8C85FEC3FE68F2 /* Pods */ = {
			isa = PBXGroup;
			children = (
				F15FDE6FC0107C0929409627 /* Pods-ProvenanceWalletConnect.debug.xcconfig */,
				37DD0574EE29EE70668B7912 /* Pods-ProvenanceWalletConnect.release.xcconfig */,
				1E0EA25CDAA441B5CE115158 /* Pods-ProvenanceWalletConnect-ProvenanceWalletConnectUITests.debug.xcconfig */,
				0D89DFC84C9601BF57FE60D4 /* Pods-ProvenanceWalletConnect-ProvenanceWalletConnectUITests.release.xcconfig */,
				A397F892A59D297363249C3C /* Pods-ProvenanceWalletConnectTests.debug.xcconfig */,
				62B4438827C23B965EA90EC7 /* Pods-ProvenanceWalletConnectTests.release.xcconfig */,
			);
			path = Pods;
			sourceTree = "<group>";
		};
		9F11111284519B9F09B5EE35 /* Services */ = {
			isa = PBXGroup;
			children = (
				9F11150E71F90FD972D6274C /* WalletService.swift */,
				9F111255539088A3A1E07624 /* CipherService.swift */,
				9F111440B0C3BD78FF88CE3E /* NotificationService.swift */,
			);
			path = Services;
			sourceTree = "<group>";
		};
		9F1113A75F48CFAA2C43270F /* Extensions */ = {
			isa = PBXGroup;
			children = (
				9F111D5C60AAA23BFBF634B1 /* String.swift */,
				9F1110E4EF15F73E300CBB57 /* JSON+Extension.swift */,
				9F111FCB09DF51E6EF6DB80B /* UIViewController+Extension.swift */,
				9F111178EDC7B54C0B5BBB80 /* Response+Extension.swift */,
				9F111371D0214BBC1076B953 /* UIAlertController+Extension.swift */,
				9F1110145154436971F15084 /* Data+Extension.swift */,
				9F1115DDDE46C23F7C922F1C /* Notification-Name+Extension.swift */,
				9F1116A9E582FD631373377C /* Request+Extension.swift */,
			);
			path = Extensions;
			sourceTree = "<group>";
		};
		9F1113C4567D5DA149573AED /* Handlers */ = {
			isa = PBXGroup;
			children = (
				9F1114D8119F57014D3CE45F /* WalletConnectHandlers.swift */,
			);
			path = Handlers;
			sourceTree = "<group>";
		};
		9F1115274E9CCCF053394654 /* Common */ = {
			isa = PBXGroup;
			children = (
				9F1117A75CE5E6CA99F1735E /* Utilities.swift */,
			);
			path = Common;
			sourceTree = "<group>";
		};
		9F1118FC9526208D4C7184D8 /* Errors */ = {
			isa = PBXGroup;
			children = (
				9F11128ED6A6098321EC946E /* ErrorHandler.swift */,
				9F1114C3DB80170190F8DDFE /* ProvenanceWalletError.swift */,
			);
			path = Errors;
			sourceTree = "<group>";
		};
		9F111DA5863AED3CB0E29A8F /* Utilities */ = {
			isa = PBXGroup;
			children = (
				9F111685DBAE3A98763B640F /* AppColor.swift */,
				9F11101F888F44C4FA8564E1 /* NavController.swift */,
				9F11192319601FF1015197DD /* UIView+Extension.swift */,
				9F111CD9E8C6999C667858C1 /* UIImageView+Extension.swift */,
				9F1113579F9B7B44FAFEDD8B /* UITextField+Extension.swift */,
			);
			path = Utilities;
			sourceTree = "<group>";
		};
		9F111DD5F725D22823375BE7 /* Models */ = {
			isa = PBXGroup;
			children = (
			);
			path = Models;
			sourceTree = "<group>";
		};
		9F111F5E48F2DD63FB70A0B6 /* Controllers */ = {
			isa = PBXGroup;
			children = (
				CF89424627B1D23E00596596 /* ManageWalletView.xib */,
				9F111CBD27860BAAB2C1B5A7 /* ManageWalletViewController.swift */,
				CF89423E27B19BCC00596596 /* WalletViewCell.swift */,
				CF89423C27B19BCC00596596 /* WalletViewCell.xib */,
				9F1110C7DB48A5963DB0E7EC /* RootViewController.swift */,
				9F111347AE3D11F878829029 /* QRCaptureViewController.swift */,
				CF89423D27B19BCC00596596 /* WalletView.xib */,
				CF1EBAC626DC350F00758AAE /* WalletViewController.swift */,
				9F1118E9ED2D5682C1BC76DD /* ScannerViewControllerDelegate.swift */,
			);
			path = Controllers;
			sourceTree = "<group>";
		};
		AE3F206CF92DA09EB4F4007D /* Frameworks */ = {
			isa = PBXGroup;
			children = (
				CF83EC3B26DAD05200BD5CC8 /* CloudKit.framework */,
				77797BC4F177949309075B7D /* Pods_ProvenanceWalletConnect.framework */,
				86A636691DFA8249B9A7A42E /* Pods_ProvenanceWalletConnect_ProvenanceWalletConnectUITests.framework */,
				A8CA210538E1107DB37AAAFA /* Pods_ProvenanceWalletConnectTests.framework */,
			);
			name = Frameworks;
			sourceTree = "<group>";
		};
		CF1EBAC826DC372B00758AAE /* Widgets */ = {
			isa = PBXGroup;
			children = (
				CF1EBAC926DC376B00758AAE /* UIDefaultButton.swift */,
			);
			path = Widgets;
			sourceTree = "<group>";
		};
		CF83EBF426D99E7D00BD5CC8 = {
			isa = PBXGroup;
			children = (
				CF89423927ADE8EF00596596 /* ProvenanceWalletConnect.xcdatamodeld */,
				CF83EC3326D9A7F900BD5CC8 /* Assets */,
				CF83EBFF26D99E7D00BD5CC8 /* ProvenanceWalletConnect */,
				CF83EC1926D99E7F00BD5CC8 /* ProvenanceWalletConnectTests */,
				CF83EC2426D99E7F00BD5CC8 /* ProvenanceWalletConnectUITests */,
				CF83EBFE26D99E7D00BD5CC8 /* Products */,
				5BE43D823F8C85FEC3FE68F2 /* Pods */,
				AE3F206CF92DA09EB4F4007D /* Frameworks */,
			);
			sourceTree = "<group>";
		};
		CF83EBFE26D99E7D00BD5CC8 /* Products */ = {
			isa = PBXGroup;
			children = (
				CF83EBFD26D99E7D00BD5CC8 /* ProvenanceWalletConnect.app */,
				CF83EC1626D99E7F00BD5CC8 /* ProvenanceWalletConnectTests.xctest */,
				CF83EC2126D99E7F00BD5CC8 /* ProvenanceWalletConnectUITests.xctest */,
			);
			name = Products;
			sourceTree = "<group>";
		};
		CF83EBFF26D99E7D00BD5CC8 /* ProvenanceWalletConnect */ = {
			isa = PBXGroup;
			children = (
				CF83EC3A26DAD04E00BD5CC8 /* ProvenanceWalletConnect.entitlements */,
				CF83EC0026D99E7D00BD5CC8 /* AppDelegate.swift */,
				CF83EC0226D99E7D00BD5CC8 /* SceneDelegate.swift */,
				CFE46EEE2733126C001DFA30 /* Assets.xcassets */,
				CF83EC0E26D99E7F00BD5CC8 /* LaunchScreen.storyboard */,
				CF83EC1126D99E7F00BD5CC8 /* Info.plist */,
				9F1115274E9CCCF053394654 /* Common */,
				9F111F5E48F2DD63FB70A0B6 /* Controllers */,
				9F1118FC9526208D4C7184D8 /* Errors */,
				9F1113A75F48CFAA2C43270F /* Extensions */,
				9F111DD5F725D22823375BE7 /* Models */,
				9F11111284519B9F09B5EE35 /* Services */,
				CF1EBAC826DC372B00758AAE /* Widgets */,
				9F1113C4567D5DA149573AED /* Handlers */,
				9F111DA5863AED3CB0E29A8F /* Utilities */,
			);
			path = ProvenanceWalletConnect;
			sourceTree = "<group>";
		};
		CF83EC1926D99E7F00BD5CC8 /* ProvenanceWalletConnectTests */ = {
			isa = PBXGroup;
			children = (
				CF83EC1A26D99E7F00BD5CC8 /* ProvenanceWalletConnectTests.swift */,
				CF83EC1C26D99E7F00BD5CC8 /* Info.plist */,
			);
			path = ProvenanceWalletConnectTests;
			sourceTree = "<group>";
		};
		CF83EC2426D99E7F00BD5CC8 /* ProvenanceWalletConnectUITests */ = {
			isa = PBXGroup;
			children = (
				CF83EC2526D99E7F00BD5CC8 /* ProvenanceWalletConnectUITests.swift */,
				CF83EC2726D99E7F00BD5CC8 /* Info.plist */,
			);
			path = ProvenanceWalletConnectUITests;
			sourceTree = "<group>";
		};
		CF83EC3326D9A7F900BD5CC8 /* Assets */ = {
			isa = PBXGroup;
			children = (
				CF89424227B1C62200596596 /* hash.png */,
				CF89424327B1C62200596596 /* provenance-p.png */,
				CF1EBACB26DC5B0E00758AAE /* walletconnect.png */,
				CF83EC3626D9A94400BD5CC8 /* provenance.png */,
				CF83EC3426D9A80900BD5CC8 /* provenance.svg */,
			);
			path = Assets;
			sourceTree = "<group>";
		};
/* End PBXGroup section */

/* Begin PBXNativeTarget section */
		CF83EBFC26D99E7D00BD5CC8 /* ProvenanceWalletConnect */ = {
			isa = PBXNativeTarget;
			buildConfigurationList = CF83EC2A26D99E7F00BD5CC8 /* Build configuration list for PBXNativeTarget "ProvenanceWalletConnect" */;
			buildPhases = (
				BAD69FA860F3CFA784907311 /* [CP] Check Pods Manifest.lock */,
				CF83EBF926D99E7D00BD5CC8 /* Sources */,
				CF83EBFA26D99E7D00BD5CC8 /* Frameworks */,
				CF83EBFB26D99E7D00BD5CC8 /* Resources */,
				EE997C384C4C97C168C405E6 /* [CP] Embed Pods Frameworks */,
			);
			buildRules = (
			);
			dependencies = (
			);
			name = ProvenanceWalletConnect;
			productName = ProvenanceWalletConnect;
			productReference = CF83EBFD26D99E7D00BD5CC8 /* ProvenanceWalletConnect.app */;
			productType = "com.apple.product-type.application";
		};
		CF83EC1526D99E7F00BD5CC8 /* ProvenanceWalletConnectTests */ = {
			isa = PBXNativeTarget;
			buildConfigurationList = CF83EC2D26D99E7F00BD5CC8 /* Build configuration list for PBXNativeTarget "ProvenanceWalletConnectTests" */;
			buildPhases = (
				D3F47EB5E101FA526ED96621 /* [CP] Check Pods Manifest.lock */,
				CF83EC1226D99E7F00BD5CC8 /* Sources */,
				CF83EC1326D99E7F00BD5CC8 /* Frameworks */,
				CF83EC1426D99E7F00BD5CC8 /* Resources */,
			);
			buildRules = (
			);
			dependencies = (
				CF83EC1826D99E7F00BD5CC8 /* PBXTargetDependency */,
			);
			name = ProvenanceWalletConnectTests;
			productName = ProvenanceWalletConnectTests;
			productReference = CF83EC1626D99E7F00BD5CC8 /* ProvenanceWalletConnectTests.xctest */;
			productType = "com.apple.product-type.bundle.unit-test";
		};
		CF83EC2026D99E7F00BD5CC8 /* ProvenanceWalletConnectUITests */ = {
			isa = PBXNativeTarget;
			buildConfigurationList = CF83EC3026D99E7F00BD5CC8 /* Build configuration list for PBXNativeTarget "ProvenanceWalletConnectUITests" */;
			buildPhases = (
				76D0B959F476C29251D43F42 /* [CP] Check Pods Manifest.lock */,
				CF83EC1D26D99E7F00BD5CC8 /* Sources */,
				CF83EC1E26D99E7F00BD5CC8 /* Frameworks */,
				CF83EC1F26D99E7F00BD5CC8 /* Resources */,
				607894248CC02F3E0A1C8F8B /* [CP] Embed Pods Frameworks */,
			);
			buildRules = (
			);
			dependencies = (
				CF83EC2326D99E7F00BD5CC8 /* PBXTargetDependency */,
			);
			name = ProvenanceWalletConnectUITests;
			productName = ProvenanceWalletConnectUITests;
			productReference = CF83EC2126D99E7F00BD5CC8 /* ProvenanceWalletConnectUITests.xctest */;
			productType = "com.apple.product-type.bundle.ui-testing";
		};
/* End PBXNativeTarget section */

/* Begin PBXProject section */
		CF83EBF526D99E7D00BD5CC8 /* Project object */ = {
			isa = PBXProject;
			attributes = {
				LastSwiftUpdateCheck = 1250;
				LastUpgradeCheck = 1250;
				TargetAttributes = {
					CF83EBFC26D99E7D00BD5CC8 = {
						CreatedOnToolsVersion = 12.5.1;
					};
					CF83EC1526D99E7F00BD5CC8 = {
						CreatedOnToolsVersion = 12.5.1;
						TestTargetID = CF83EBFC26D99E7D00BD5CC8;
					};
					CF83EC2026D99E7F00BD5CC8 = {
						CreatedOnToolsVersion = 12.5.1;
						TestTargetID = CF83EBFC26D99E7D00BD5CC8;
					};
				};
			};
			buildConfigurationList = CF83EBF826D99E7D00BD5CC8 /* Build configuration list for PBXProject "ProvenanceWalletConnect" */;
			compatibilityVersion = "Xcode 9.3";
			developmentRegion = en;
			hasScannedForEncodings = 0;
			knownRegions = (
				en,
				Base,
			);
			mainGroup = CF83EBF426D99E7D00BD5CC8;
			productRefGroup = CF83EBFE26D99E7D00BD5CC8 /* Products */;
			projectDirPath = "";
			projectRoot = "";
			targets = (
				CF83EBFC26D99E7D00BD5CC8 /* ProvenanceWalletConnect */,
				CF83EC1526D99E7F00BD5CC8 /* ProvenanceWalletConnectTests */,
				CF83EC2026D99E7F00BD5CC8 /* ProvenanceWalletConnectUITests */,
			);
		};
/* End PBXProject section */

/* Begin PBXResourcesBuildPhase section */
		CF83EBFB26D99E7D00BD5CC8 /* Resources */ = {
			isa = PBXResourcesBuildPhase;
			buildActionMask = 2147483647;
			files = (
				CF83EC1026D99E7F00BD5CC8 /* LaunchScreen.storyboard in Resources */,
				CF83EC3526D9A80900BD5CC8 /* provenance.svg in Resources */,
				CF89424427B1C62200596596 /* hash.png in Resources */,
				CF83EC3726D9A94400BD5CC8 /* provenance.png in Resources */,
				CF1EBACC26DC5B0E00758AAE /* walletconnect.png in Resources */,
				CF89424027B19BCC00596596 /* WalletView.xib in Resources */,
				CFE46EEF2733126C001DFA30 /* Assets.xcassets in Resources */,
				CF89424527B1C62200596596 /* provenance-p.png in Resources */,
				CF89423F27B19BCC00596596 /* WalletViewCell.xib in Resources */,
				CF89424727B1D23E00596596 /* ManageWalletView.xib in Resources */,
			);
			runOnlyForDeploymentPostprocessing = 0;
		};
		CF83EC1426D99E7F00BD5CC8 /* Resources */ = {
			isa = PBXResourcesBuildPhase;
			buildActionMask = 2147483647;
			files = (
			);
			runOnlyForDeploymentPostprocessing = 0;
		};
		CF83EC1F26D99E7F00BD5CC8 /* Resources */ = {
			isa = PBXResourcesBuildPhase;
			buildActionMask = 2147483647;
			files = (
			);
			runOnlyForDeploymentPostprocessing = 0;
		};
/* End PBXResourcesBuildPhase section */

/* Begin PBXShellScriptBuildPhase section */
		607894248CC02F3E0A1C8F8B /* [CP] Embed Pods Frameworks */ = {
			isa = PBXShellScriptBuildPhase;
			buildActionMask = 2147483647;
			files = (
			);
			inputFileListPaths = (
				"${PODS_ROOT}/Target Support Files/Pods-ProvenanceWalletConnect-ProvenanceWalletConnectUITests/Pods-ProvenanceWalletConnect-ProvenanceWalletConnectUITests-frameworks-${CONFIGURATION}-input-files.xcfilelist",
			);
			name = "[CP] Embed Pods Frameworks";
			outputFileListPaths = (
				"${PODS_ROOT}/Target Support Files/Pods-ProvenanceWalletConnect-ProvenanceWalletConnectUITests/Pods-ProvenanceWalletConnect-ProvenanceWalletConnectUITests-frameworks-${CONFIGURATION}-output-files.xcfilelist",
			);
			runOnlyForDeploymentPostprocessing = 0;
			shellPath = /bin/sh;
			shellScript = "\"${PODS_ROOT}/Target Support Files/Pods-ProvenanceWalletConnect-ProvenanceWalletConnectUITests/Pods-ProvenanceWalletConnect-ProvenanceWalletConnectUITests-frameworks.sh\"\n";
			showEnvVarsInLog = 0;
		};
		76D0B959F476C29251D43F42 /* [CP] Check Pods Manifest.lock */ = {
			isa = PBXShellScriptBuildPhase;
			buildActionMask = 2147483647;
			files = (
			);
			inputFileListPaths = (
			);
			inputPaths = (
				"${PODS_PODFILE_DIR_PATH}/Podfile.lock",
				"${PODS_ROOT}/Manifest.lock",
			);
			name = "[CP] Check Pods Manifest.lock";
			outputFileListPaths = (
			);
			outputPaths = (
				"$(DERIVED_FILE_DIR)/Pods-ProvenanceWalletConnect-ProvenanceWalletConnectUITests-checkManifestLockResult.txt",
			);
			runOnlyForDeploymentPostprocessing = 0;
			shellPath = /bin/sh;
			shellScript = "diff \"${PODS_PODFILE_DIR_PATH}/Podfile.lock\" \"${PODS_ROOT}/Manifest.lock\" > /dev/null\nif [ $? != 0 ] ; then\n    # print error to STDERR\n    echo \"error: The sandbox is not in sync with the Podfile.lock. Run 'pod install' or update your CocoaPods installation.\" >&2\n    exit 1\nfi\n# This output is used by Xcode 'outputs' to avoid re-running this script phase.\necho \"SUCCESS\" > \"${SCRIPT_OUTPUT_FILE_0}\"\n";
			showEnvVarsInLog = 0;
		};
		BAD69FA860F3CFA784907311 /* [CP] Check Pods Manifest.lock */ = {
			isa = PBXShellScriptBuildPhase;
			buildActionMask = 2147483647;
			files = (
			);
			inputFileListPaths = (
			);
			inputPaths = (
				"${PODS_PODFILE_DIR_PATH}/Podfile.lock",
				"${PODS_ROOT}/Manifest.lock",
			);
			name = "[CP] Check Pods Manifest.lock";
			outputFileListPaths = (
			);
			outputPaths = (
				"$(DERIVED_FILE_DIR)/Pods-ProvenanceWalletConnect-checkManifestLockResult.txt",
			);
			runOnlyForDeploymentPostprocessing = 0;
			shellPath = /bin/sh;
			shellScript = "diff \"${PODS_PODFILE_DIR_PATH}/Podfile.lock\" \"${PODS_ROOT}/Manifest.lock\" > /dev/null\nif [ $? != 0 ] ; then\n    # print error to STDERR\n    echo \"error: The sandbox is not in sync with the Podfile.lock. Run 'pod install' or update your CocoaPods installation.\" >&2\n    exit 1\nfi\n# This output is used by Xcode 'outputs' to avoid re-running this script phase.\necho \"SUCCESS\" > \"${SCRIPT_OUTPUT_FILE_0}\"\n";
			showEnvVarsInLog = 0;
		};
		D3F47EB5E101FA526ED96621 /* [CP] Check Pods Manifest.lock */ = {
			isa = PBXShellScriptBuildPhase;
			buildActionMask = 2147483647;
			files = (
			);
			inputFileListPaths = (
			);
			inputPaths = (
				"${PODS_PODFILE_DIR_PATH}/Podfile.lock",
				"${PODS_ROOT}/Manifest.lock",
			);
			name = "[CP] Check Pods Manifest.lock";
			outputFileListPaths = (
			);
			outputPaths = (
				"$(DERIVED_FILE_DIR)/Pods-ProvenanceWalletConnectTests-checkManifestLockResult.txt",
			);
			runOnlyForDeploymentPostprocessing = 0;
			shellPath = /bin/sh;
			shellScript = "diff \"${PODS_PODFILE_DIR_PATH}/Podfile.lock\" \"${PODS_ROOT}/Manifest.lock\" > /dev/null\nif [ $? != 0 ] ; then\n    # print error to STDERR\n    echo \"error: The sandbox is not in sync with the Podfile.lock. Run 'pod install' or update your CocoaPods installation.\" >&2\n    exit 1\nfi\n# This output is used by Xcode 'outputs' to avoid re-running this script phase.\necho \"SUCCESS\" > \"${SCRIPT_OUTPUT_FILE_0}\"\n";
			showEnvVarsInLog = 0;
		};
		EE997C384C4C97C168C405E6 /* [CP] Embed Pods Frameworks */ = {
			isa = PBXShellScriptBuildPhase;
			buildActionMask = 2147483647;
			files = (
			);
			inputFileListPaths = (
				"${PODS_ROOT}/Target Support Files/Pods-ProvenanceWalletConnect/Pods-ProvenanceWalletConnect-frameworks-${CONFIGURATION}-input-files.xcfilelist",
			);
			name = "[CP] Embed Pods Frameworks";
			outputFileListPaths = (
				"${PODS_ROOT}/Target Support Files/Pods-ProvenanceWalletConnect/Pods-ProvenanceWalletConnect-frameworks-${CONFIGURATION}-output-files.xcfilelist",
			);
			runOnlyForDeploymentPostprocessing = 0;
			shellPath = /bin/sh;
			shellScript = "\"${PODS_ROOT}/Target Support Files/Pods-ProvenanceWalletConnect/Pods-ProvenanceWalletConnect-frameworks.sh\"\n";
			showEnvVarsInLog = 0;
		};
/* End PBXShellScriptBuildPhase section */

/* Begin PBXSourcesBuildPhase section */
		CF83EBF926D99E7D00BD5CC8 /* Sources */ = {
			isa = PBXSourcesBuildPhase;
			buildActionMask = 2147483647;
			files = (
				CF83EC0126D99E7D00BD5CC8 /* AppDelegate.swift in Sources */,
				CF83EC0326D99E7D00BD5CC8 /* SceneDelegate.swift in Sources */,
				CF1EBAC726DC350F00758AAE /* WalletViewController.swift in Sources */,
				9F111F1DF77FE48EE9079D27 /* ManageWalletViewController.swift in Sources */,
				9F1112D4FB6F587B4D59E036 /* RootViewController.swift in Sources */,
				CF89424127B19BCC00596596 /* WalletViewCell.swift in Sources */,
				9F11198C6ECEEBA02A843A62 /* QRCaptureViewController.swift in Sources */,
				9F111C550B52A37DE8480559 /* Utilities.swift in Sources */,
				9F111BCF9445E812C16FBBB4 /* String.swift in Sources */,
				CF89423B27ADE8EF00596596 /* ProvenanceWalletConnect.xcdatamodeld in Sources */,
				9F11144A9381E29B4E74FB08 /* JSON+Extension.swift in Sources */,
				9F1110C6D085B4BDF4837ADE /* WalletService.swift in Sources */,
				9F11101CB57C9DD499C9ECBD /* ErrorHandler.swift in Sources */,
				9F111AB7343B8393592C2074 /* ProvenanceWalletError.swift in Sources */,
				9F111F033D3C956FFC42508C /* CipherService.swift in Sources */,
				CF1EBACA26DC376B00758AAE /* UIDefaultButton.swift in Sources */,
				9F111166EE05AB59CEE6B583 /* ScannerViewControllerDelegate.swift in Sources */,
				9F1113AAFDFC1492AF54E6CB /* UIViewController+Extension.swift in Sources */,
				9F111FA373B0A4EE13D80118 /* WalletConnectHandlers.swift in Sources */,
				9F1119EBA6841807233F4610 /* Response+Extension.swift in Sources */,
				9F1113A3795FADE706D199A5 /* UIAlertController+Extension.swift in Sources */,
				9F111DC7B3F65B94F997D88C /* Data+Extension.swift in Sources */,
				9F111581F2EF245DD42AFD2A /* NotificationService.swift in Sources */,
				9F111D80E083935F5DF56932 /* Notification-Name+Extension.swift in Sources */,
				9F1110AD35FD2170A1FF6AC0 /* Request+Extension.swift in Sources */,
				9F11124A3EA1F472FA75E0CC /* AppColor.swift in Sources */,
				9F111F6EBB051F57AD642434 /* NavController.swift in Sources */,
				9F11143BB6F0B4037F79B14A /* UIView+Extension.swift in Sources */,
				9F111E40D705418E25A475FA /* UIImageView+Extension.swift in Sources */,
				9F11116CFB4D0C9807E2ACC9 /* UITextField+Extension.swift in Sources */,
			);
			runOnlyForDeploymentPostprocessing = 0;
		};
		CF83EC1226D99E7F00BD5CC8 /* Sources */ = {
			isa = PBXSourcesBuildPhase;
			buildActionMask = 2147483647;
			files = (
				CF83EC1B26D99E7F00BD5CC8 /* ProvenanceWalletConnectTests.swift in Sources */,
				9F1114E4A03012785D1602B5 /* ManageWalletViewController.swift in Sources */,
				9F111F2A33A2F8407FAD3A09 /* Utilities.swift in Sources */,
				9F111E176D48B627A111ACFD /* String.swift in Sources */,
				9F111C709F236C9BC53D2F0D /* JSON+Extension.swift in Sources */,
				9F111A98B0E39618E359163D /* WalletService.swift in Sources */,
				9F111F9BC240396AEBBB6B1D /* ErrorHandler.swift in Sources */,
				9F111C46BC2B021A739388D5 /* ProvenanceWalletError.swift in Sources */,
				9F111177E08838E993D10443 /* CipherService.swift in Sources */,
				9F1119D47A6CB82AE3560B9C /* ScannerViewControllerDelegate.swift in Sources */,
				9F11171528A037154639BF90 /* UIViewController+Extension.swift in Sources */,
				9F11115E9A2EEB423A66ED42 /* WalletConnectHandlers.swift in Sources */,
				9F111F2A7319F5F3A919DF86 /* Response+Extension.swift in Sources */,
				9F1110926FF829F67CA59B27 /* UIAlertController+Extension.swift in Sources */,
				9F111D85CC8055CA510DD55C /* Data+Extension.swift in Sources */,
			);
			runOnlyForDeploymentPostprocessing = 0;
		};
		CF83EC1D26D99E7F00BD5CC8 /* Sources */ = {
			isa = PBXSourcesBuildPhase;
			buildActionMask = 2147483647;
			files = (
				CF83EC2626D99E7F00BD5CC8 /* ProvenanceWalletConnectUITests.swift in Sources */,
				9F111F747B5A713420F93D83 /* ManageWalletViewController.swift in Sources */,
				9F1112A05011F8C167BA7208 /* Utilities.swift in Sources */,
				9F111420951464C65577EA4A /* String.swift in Sources */,
				9F111A067E59C6D8737F09CE /* JSON+Extension.swift in Sources */,
				9F111CD4E6BBE8F495BF585C /* WalletService.swift in Sources */,
				9F11192C50D2EE578E2AD0FC /* ErrorHandler.swift in Sources */,
				9F111AD1268BE8F8166DF416 /* ProvenanceWalletError.swift in Sources */,
				9F11115138566BC8449E2CB0 /* CipherService.swift in Sources */,
				9F111DB18FF371449D806EC7 /* ScannerViewControllerDelegate.swift in Sources */,
				9F1116A76CE87B9A22A18A48 /* UIViewController+Extension.swift in Sources */,
				9F111BB937AECAD2C004777F /* WalletConnectHandlers.swift in Sources */,
				9F111A7239E195B5106B7539 /* Response+Extension.swift in Sources */,
				9F1114A9839DB8D9C7659E5B /* UIAlertController+Extension.swift in Sources */,
				9F111F2F2D6AA2DDCD2B8554 /* Data+Extension.swift in Sources */,
			);
			runOnlyForDeploymentPostprocessing = 0;
		};
/* End PBXSourcesBuildPhase section */

/* Begin PBXTargetDependency section */
		CF83EC1826D99E7F00BD5CC8 /* PBXTargetDependency */ = {
			isa = PBXTargetDependency;
			target = CF83EBFC26D99E7D00BD5CC8 /* ProvenanceWalletConnect */;
			targetProxy = CF83EC1726D99E7F00BD5CC8 /* PBXContainerItemProxy */;
		};
		CF83EC2326D99E7F00BD5CC8 /* PBXTargetDependency */ = {
			isa = PBXTargetDependency;
			target = CF83EBFC26D99E7D00BD5CC8 /* ProvenanceWalletConnect */;
			targetProxy = CF83EC2226D99E7F00BD5CC8 /* PBXContainerItemProxy */;
		};
/* End PBXTargetDependency section */

/* Begin PBXVariantGroup section */
		CF83EC0E26D99E7F00BD5CC8 /* LaunchScreen.storyboard */ = {
			isa = PBXVariantGroup;
			children = (
				CF83EC0F26D99E7F00BD5CC8 /* Base */,
			);
			name = LaunchScreen.storyboard;
			sourceTree = "<group>";
		};
/* End PBXVariantGroup section */

/* Begin XCBuildConfiguration section */
		CF83EC2826D99E7F00BD5CC8 /* Debug */ = {
			isa = XCBuildConfiguration;
			buildSettings = {
				ALWAYS_SEARCH_USER_PATHS = NO;
				CLANG_ANALYZER_NONNULL = YES;
				CLANG_ANALYZER_NUMBER_OBJECT_CONVERSION = YES_AGGRESSIVE;
				CLANG_CXX_LANGUAGE_STANDARD = "gnu++14";
				CLANG_CXX_LIBRARY = "libc++";
				CLANG_ENABLE_MODULES = YES;
				CLANG_ENABLE_OBJC_ARC = YES;
				CLANG_ENABLE_OBJC_WEAK = YES;
				CLANG_WARN_BLOCK_CAPTURE_AUTORELEASING = YES;
				CLANG_WARN_BOOL_CONVERSION = YES;
				CLANG_WARN_COMMA = YES;
				CLANG_WARN_CONSTANT_CONVERSION = YES;
				CLANG_WARN_DEPRECATED_OBJC_IMPLEMENTATIONS = YES;
				CLANG_WARN_DIRECT_OBJC_ISA_USAGE = YES_ERROR;
				CLANG_WARN_DOCUMENTATION_COMMENTS = YES;
				CLANG_WARN_EMPTY_BODY = YES;
				CLANG_WARN_ENUM_CONVERSION = YES;
				CLANG_WARN_INFINITE_RECURSION = YES;
				CLANG_WARN_INT_CONVERSION = YES;
				CLANG_WARN_NON_LITERAL_NULL_CONVERSION = YES;
				CLANG_WARN_OBJC_IMPLICIT_RETAIN_SELF = YES;
				CLANG_WARN_OBJC_LITERAL_CONVERSION = YES;
				CLANG_WARN_OBJC_ROOT_CLASS = YES_ERROR;
				CLANG_WARN_QUOTED_INCLUDE_IN_FRAMEWORK_HEADER = YES;
				CLANG_WARN_RANGE_LOOP_ANALYSIS = YES;
				CLANG_WARN_STRICT_PROTOTYPES = YES;
				CLANG_WARN_SUSPICIOUS_MOVE = YES;
				CLANG_WARN_UNGUARDED_AVAILABILITY = YES_AGGRESSIVE;
				CLANG_WARN_UNREACHABLE_CODE = YES;
				CLANG_WARN__DUPLICATE_METHOD_MATCH = YES;
				COPY_PHASE_STRIP = NO;
				DEBUG_INFORMATION_FORMAT = dwarf;
				ENABLE_STRICT_OBJC_MSGSEND = YES;
				ENABLE_TESTABILITY = YES;
				GCC_C_LANGUAGE_STANDARD = gnu11;
				GCC_DYNAMIC_NO_PIC = NO;
				GCC_NO_COMMON_BLOCKS = YES;
				GCC_OPTIMIZATION_LEVEL = 0;
				GCC_PREPROCESSOR_DEFINITIONS = (
					"DEBUG=1",
					"$(inherited)",
				);
				GCC_WARN_64_TO_32_BIT_CONVERSION = YES;
				GCC_WARN_ABOUT_RETURN_TYPE = YES_ERROR;
				GCC_WARN_UNDECLARED_SELECTOR = YES;
				GCC_WARN_UNINITIALIZED_AUTOS = YES_AGGRESSIVE;
				GCC_WARN_UNUSED_FUNCTION = YES;
				GCC_WARN_UNUSED_VARIABLE = YES;
				IPHONEOS_DEPLOYMENT_TARGET = 14.5;
				MTL_ENABLE_DEBUG_INFO = INCLUDE_SOURCE;
				MTL_FAST_MATH = YES;
				ONLY_ACTIVE_ARCH = YES;
				SDKROOT = iphoneos;
				SWIFT_ACTIVE_COMPILATION_CONDITIONS = DEBUG;
				SWIFT_OPTIMIZATION_LEVEL = "-Onone";
			};
			name = Debug;
		};
		CF83EC2926D99E7F00BD5CC8 /* Release */ = {
			isa = XCBuildConfiguration;
			buildSettings = {
				ALWAYS_SEARCH_USER_PATHS = NO;
				CLANG_ANALYZER_NONNULL = YES;
				CLANG_ANALYZER_NUMBER_OBJECT_CONVERSION = YES_AGGRESSIVE;
				CLANG_CXX_LANGUAGE_STANDARD = "gnu++14";
				CLANG_CXX_LIBRARY = "libc++";
				CLANG_ENABLE_MODULES = YES;
				CLANG_ENABLE_OBJC_ARC = YES;
				CLANG_ENABLE_OBJC_WEAK = YES;
				CLANG_WARN_BLOCK_CAPTURE_AUTORELEASING = YES;
				CLANG_WARN_BOOL_CONVERSION = YES;
				CLANG_WARN_COMMA = YES;
				CLANG_WARN_CONSTANT_CONVERSION = YES;
				CLANG_WARN_DEPRECATED_OBJC_IMPLEMENTATIONS = YES;
				CLANG_WARN_DIRECT_OBJC_ISA_USAGE = YES_ERROR;
				CLANG_WARN_DOCUMENTATION_COMMENTS = YES;
				CLANG_WARN_EMPTY_BODY = YES;
				CLANG_WARN_ENUM_CONVERSION = YES;
				CLANG_WARN_INFINITE_RECURSION = YES;
				CLANG_WARN_INT_CONVERSION = YES;
				CLANG_WARN_NON_LITERAL_NULL_CONVERSION = YES;
				CLANG_WARN_OBJC_IMPLICIT_RETAIN_SELF = YES;
				CLANG_WARN_OBJC_LITERAL_CONVERSION = YES;
				CLANG_WARN_OBJC_ROOT_CLASS = YES_ERROR;
				CLANG_WARN_QUOTED_INCLUDE_IN_FRAMEWORK_HEADER = YES;
				CLANG_WARN_RANGE_LOOP_ANALYSIS = YES;
				CLANG_WARN_STRICT_PROTOTYPES = YES;
				CLANG_WARN_SUSPICIOUS_MOVE = YES;
				CLANG_WARN_UNGUARDED_AVAILABILITY = YES_AGGRESSIVE;
				CLANG_WARN_UNREACHABLE_CODE = YES;
				CLANG_WARN__DUPLICATE_METHOD_MATCH = YES;
				COPY_PHASE_STRIP = NO;
				DEBUG_INFORMATION_FORMAT = "dwarf-with-dsym";
				ENABLE_NS_ASSERTIONS = NO;
				ENABLE_STRICT_OBJC_MSGSEND = YES;
				GCC_C_LANGUAGE_STANDARD = gnu11;
				GCC_NO_COMMON_BLOCKS = YES;
				GCC_WARN_64_TO_32_BIT_CONVERSION = YES;
				GCC_WARN_ABOUT_RETURN_TYPE = YES_ERROR;
				GCC_WARN_UNDECLARED_SELECTOR = YES;
				GCC_WARN_UNINITIALIZED_AUTOS = YES_AGGRESSIVE;
				GCC_WARN_UNUSED_FUNCTION = YES;
				GCC_WARN_UNUSED_VARIABLE = YES;
				IPHONEOS_DEPLOYMENT_TARGET = 14.5;
				MTL_ENABLE_DEBUG_INFO = NO;
				MTL_FAST_MATH = YES;
				SDKROOT = iphoneos;
				SWIFT_COMPILATION_MODE = wholemodule;
				SWIFT_OPTIMIZATION_LEVEL = "-O";
				VALIDATE_PRODUCT = YES;
			};
			name = Release;
		};
		CF83EC2B26D99E7F00BD5CC8 /* Debug */ = {
			isa = XCBuildConfiguration;
			baseConfigurationReference = F15FDE6FC0107C0929409627 /* Pods-ProvenanceWalletConnect.debug.xcconfig */;
			buildSettings = {
				ASSETCATALOG_COMPILER_APPICON_NAME = AppIcon;
				ASSETCATALOG_COMPILER_GLOBAL_ACCENT_COLOR_NAME = AccentColor;
				CODE_SIGN_ENTITLEMENTS = ProvenanceWalletConnect/ProvenanceWalletConnect.entitlements;
				CODE_SIGN_STYLE = Automatic;
				CURRENT_PROJECT_VERSION = 13;
				DEVELOPMENT_TEAM = NGCP4B65KR;
				INFOPLIST_FILE = ProvenanceWalletConnect/Info.plist;
				LD_RUNPATH_SEARCH_PATHS = (
					"$(inherited)",
					"@executable_path/Frameworks",
				);
				PRODUCT_BUNDLE_IDENTIFIER = co.cucreek.ProvenanceWalletConnect;
				PRODUCT_NAME = "$(TARGET_NAME)";
				SWIFT_VERSION = 5.0;
				TARGETED_DEVICE_FAMILY = 1;
			};
			name = Debug;
		};
		CF83EC2C26D99E7F00BD5CC8 /* Release */ = {
			isa = XCBuildConfiguration;
			baseConfigurationReference = 37DD0574EE29EE70668B7912 /* Pods-ProvenanceWalletConnect.release.xcconfig */;
			buildSettings = {
				ASSETCATALOG_COMPILER_APPICON_NAME = AppIcon;
				ASSETCATALOG_COMPILER_GLOBAL_ACCENT_COLOR_NAME = AccentColor;
				CODE_SIGN_ENTITLEMENTS = ProvenanceWalletConnect/ProvenanceWalletConnect.entitlements;
				CODE_SIGN_STYLE = Automatic;
				CURRENT_PROJECT_VERSION = 13;
				DEVELOPMENT_TEAM = NGCP4B65KR;
				INFOPLIST_FILE = ProvenanceWalletConnect/Info.plist;
				LD_RUNPATH_SEARCH_PATHS = (
					"$(inherited)",
					"@executable_path/Frameworks",
				);
				PRODUCT_BUNDLE_IDENTIFIER = co.cucreek.ProvenanceWalletConnect;
				PRODUCT_NAME = "$(TARGET_NAME)";
				SWIFT_VERSION = 5.0;
				TARGETED_DEVICE_FAMILY = 1;
			};
			name = Release;
		};
		CF83EC2E26D99E7F00BD5CC8 /* Debug */ = {
			isa = XCBuildConfiguration;
			baseConfigurationReference = A397F892A59D297363249C3C /* Pods-ProvenanceWalletConnectTests.debug.xcconfig */;
			buildSettings = {
				ALWAYS_EMBED_SWIFT_STANDARD_LIBRARIES = YES;
				BUNDLE_LOADER = "$(TEST_HOST)";
				CODE_SIGN_STYLE = Automatic;
				DEVELOPMENT_TEAM = NGCP4B65KR;
				INFOPLIST_FILE = ProvenanceWalletConnectTests/Info.plist;
				IPHONEOS_DEPLOYMENT_TARGET = 14.5;
				LD_RUNPATH_SEARCH_PATHS = (
					"$(inherited)",
					"@executable_path/Frameworks",
					"@loader_path/Frameworks",
				);
				PRODUCT_BUNDLE_IDENTIFIER = co.cucreek.ProvenanceWalletConnectTests;
				PRODUCT_NAME = "$(TARGET_NAME)";
				SWIFT_VERSION = 5.0;
				TARGETED_DEVICE_FAMILY = "1,2";
				TEST_HOST = "$(BUILT_PRODUCTS_DIR)/ProvenanceWalletConnect.app/ProvenanceWalletConnect";
			};
			name = Debug;
		};
		CF83EC2F26D99E7F00BD5CC8 /* Release */ = {
			isa = XCBuildConfiguration;
			baseConfigurationReference = 62B4438827C23B965EA90EC7 /* Pods-ProvenanceWalletConnectTests.release.xcconfig */;
			buildSettings = {
				ALWAYS_EMBED_SWIFT_STANDARD_LIBRARIES = YES;
				BUNDLE_LOADER = "$(TEST_HOST)";
				CODE_SIGN_STYLE = Automatic;
				DEVELOPMENT_TEAM = NGCP4B65KR;
				INFOPLIST_FILE = ProvenanceWalletConnectTests/Info.plist;
				IPHONEOS_DEPLOYMENT_TARGET = 14.5;
				LD_RUNPATH_SEARCH_PATHS = (
					"$(inherited)",
					"@executable_path/Frameworks",
					"@loader_path/Frameworks",
				);
				PRODUCT_BUNDLE_IDENTIFIER = co.cucreek.ProvenanceWalletConnectTests;
				PRODUCT_NAME = "$(TARGET_NAME)";
				SWIFT_VERSION = 5.0;
				TARGETED_DEVICE_FAMILY = "1,2";
				TEST_HOST = "$(BUILT_PRODUCTS_DIR)/ProvenanceWalletConnect.app/ProvenanceWalletConnect";
			};
			name = Release;
		};
		CF83EC3126D99E7F00BD5CC8 /* Debug */ = {
			isa = XCBuildConfiguration;
			baseConfigurationReference = 1E0EA25CDAA441B5CE115158 /* Pods-ProvenanceWalletConnect-ProvenanceWalletConnectUITests.debug.xcconfig */;
			buildSettings = {
				ALWAYS_EMBED_SWIFT_STANDARD_LIBRARIES = YES;
				CODE_SIGN_STYLE = Automatic;
				DEVELOPMENT_TEAM = NGCP4B65KR;
				INFOPLIST_FILE = ProvenanceWalletConnectUITests/Info.plist;
				LD_RUNPATH_SEARCH_PATHS = (
					"$(inherited)",
					"@executable_path/Frameworks",
					"@loader_path/Frameworks",
				);
				PRODUCT_BUNDLE_IDENTIFIER = co.cucreek.ProvenanceWalletConnectUITests;
				PRODUCT_NAME = "$(TARGET_NAME)";
				SWIFT_VERSION = 5.0;
				TARGETED_DEVICE_FAMILY = "1,2";
				TEST_TARGET_NAME = ProvenanceWalletConnect;
			};
			name = Debug;
		};
		CF83EC3226D99E7F00BD5CC8 /* Release */ = {
			isa = XCBuildConfiguration;
			baseConfigurationReference = 0D89DFC84C9601BF57FE60D4 /* Pods-ProvenanceWalletConnect-ProvenanceWalletConnectUITests.release.xcconfig */;
			buildSettings = {
				ALWAYS_EMBED_SWIFT_STANDARD_LIBRARIES = YES;
				CODE_SIGN_STYLE = Automatic;
				DEVELOPMENT_TEAM = NGCP4B65KR;
				INFOPLIST_FILE = ProvenanceWalletConnectUITests/Info.plist;
				LD_RUNPATH_SEARCH_PATHS = (
					"$(inherited)",
					"@executable_path/Frameworks",
					"@loader_path/Frameworks",
				);
				PRODUCT_BUNDLE_IDENTIFIER = co.cucreek.ProvenanceWalletConnectUITests;
				PRODUCT_NAME = "$(TARGET_NAME)";
				SWIFT_VERSION = 5.0;
				TARGETED_DEVICE_FAMILY = "1,2";
				TEST_TARGET_NAME = ProvenanceWalletConnect;
			};
			name = Release;
		};
/* End XCBuildConfiguration section */

/* Begin XCConfigurationList section */
		CF83EBF826D99E7D00BD5CC8 /* Build configuration list for PBXProject "ProvenanceWalletConnect" */ = {
			isa = XCConfigurationList;
			buildConfigurations = (
				CF83EC2826D99E7F00BD5CC8 /* Debug */,
				CF83EC2926D99E7F00BD5CC8 /* Release */,
			);
			defaultConfigurationIsVisible = 0;
			defaultConfigurationName = Release;
		};
		CF83EC2A26D99E7F00BD5CC8 /* Build configuration list for PBXNativeTarget "ProvenanceWalletConnect" */ = {
			isa = XCConfigurationList;
			buildConfigurations = (
				CF83EC2B26D99E7F00BD5CC8 /* Debug */,
				CF83EC2C26D99E7F00BD5CC8 /* Release */,
			);
			defaultConfigurationIsVisible = 0;
			defaultConfigurationName = Release;
		};
		CF83EC2D26D99E7F00BD5CC8 /* Build configuration list for PBXNativeTarget "ProvenanceWalletConnectTests" */ = {
			isa = XCConfigurationList;
			buildConfigurations = (
				CF83EC2E26D99E7F00BD5CC8 /* Debug */,
				CF83EC2F26D99E7F00BD5CC8 /* Release */,
			);
			defaultConfigurationIsVisible = 0;
			defaultConfigurationName = Release;
		};
		CF83EC3026D99E7F00BD5CC8 /* Build configuration list for PBXNativeTarget "ProvenanceWalletConnectUITests" */ = {
			isa = XCConfigurationList;
			buildConfigurations = (
				CF83EC3126D99E7F00BD5CC8 /* Debug */,
				CF83EC3226D99E7F00BD5CC8 /* Release */,
			);
			defaultConfigurationIsVisible = 0;
			defaultConfigurationName = Release;
		};
/* End XCConfigurationList section */

/* Begin XCVersionGroup section */
		CF89423927ADE8EF00596596 /* ProvenanceWalletConnect.xcdatamodeld */ = {
			isa = XCVersionGroup;
			children = (
				CF89423A27ADE8EF00596596 /* ProvenanceWalletConnect.xcdatamodel */,
			);
			currentVersion = CF89423A27ADE8EF00596596 /* ProvenanceWalletConnect.xcdatamodel */;
			path = ProvenanceWalletConnect.xcdatamodeld;
			sourceTree = "<group>";
			versionGroupType = wrapper.xcdatamodel;
		};
/* End XCVersionGroup section */
	};
	rootObject = CF83EBF526D99E7D00BD5CC8 /* Project object */;
}
